// !$*UTF8*$!
{
	archiveVersion = 1;
	classes = {
	};
	objectVersion = 55;
	objects = {

/* Begin PBXBuildFile section */
		5771612C287DB41900238EB9 /* AppDelegate.swift in Sources */ = {isa = PBXBuildFile; fileRef = 5771612B287DB41900238EB9 /* AppDelegate.swift */; };
		5771612E287DB41900238EB9 /* SceneDelegate.swift in Sources */ = {isa = PBXBuildFile; fileRef = 5771612D287DB41900238EB9 /* SceneDelegate.swift */; };
		57716130287DB41900238EB9 /* ViewController.swift in Sources */ = {isa = PBXBuildFile; fileRef = 5771612F287DB41900238EB9 /* ViewController.swift */; };
		57716133287DB41900238EB9 /* Main.storyboard in Resources */ = {isa = PBXBuildFile; fileRef = 57716131287DB41900238EB9 /* Main.storyboard */; };
		57716135287DB41B00238EB9 /* Assets.xcassets in Resources */ = {isa = PBXBuildFile; fileRef = 57716134287DB41B00238EB9 /* Assets.xcassets */; };
		57716138287DB41B00238EB9 /* LaunchScreen.storyboard in Resources */ = {isa = PBXBuildFile; fileRef = 57716136287DB41B00238EB9 /* LaunchScreen.storyboard */; };
		57716141287DB63000238EB9 /* NetworkManager.swift in Sources */ = {isa = PBXBuildFile; fileRef = 57716140287DB63000238EB9 /* NetworkManager.swift */; };
		57716143287DB69D00238EB9 /* Glaceon.json in Resources */ = {isa = PBXBuildFile; fileRef = 57716142287DB69D00238EB9 /* Glaceon.json */; };
		57716146287DB71D00238EB9 /* Pokemon.swift in Sources */ = {isa = PBXBuildFile; fileRef = 57716145287DB71D00238EB9 /* Pokemon.swift */; };
/* End PBXBuildFile section */

/* Begin PBXFileReference section */
		57716128287DB41900238EB9 /* IntroToJsonSerialization6.28.app */ = {isa = PBXFileReference; explicitFileType = wrapper.application; includeInIndex = 0; path = IntroToJsonSerialization6.28.app; sourceTree = BUILT_PRODUCTS_DIR; };
		5771612B287DB41900238EB9 /* AppDelegate.swift */ = {isa = PBXFileReference; lastKnownFileType = sourcecode.swift; path = AppDelegate.swift; sourceTree = "<group>"; };
		5771612D287DB41900238EB9 /* SceneDelegate.swift */ = {isa = PBXFileReference; lastKnownFileType = sourcecode.swift; path = SceneDelegate.swift; sourceTree = "<group>"; };
		5771612F287DB41900238EB9 /* ViewController.swift */ = {isa = PBXFileReference; lastKnownFileType = sourcecode.swift; path = ViewController.swift; sourceTree = "<group>"; };
		57716132287DB41900238EB9 /* Base */ = {isa = PBXFileReference; lastKnownFileType = file.storyboard; name = Base; path = Base.lproj/Main.storyboard; sourceTree = "<group>"; };
		57716134287DB41B00238EB9 /* Assets.xcassets */ = {isa = PBXFileReference; lastKnownFileType = folder.assetcatalog; path = Assets.xcassets; sourceTree = "<group>"; };
		57716137287DB41B00238EB9 /* Base */ = {isa = PBXFileReference; lastKnownFileType = file.storyboard; name = Base; path = Base.lproj/LaunchScreen.storyboard; sourceTree = "<group>"; };
		57716139287DB41B00238EB9 /* Info.plist */ = {isa = PBXFileReference; lastKnownFileType = text.plist.xml; path = Info.plist; sourceTree = "<group>"; };
		57716140287DB63000238EB9 /* NetworkManager.swift */ = {isa = PBXFileReference; lastKnownFileType = sourcecode.swift; path = NetworkManager.swift; sourceTree = "<group>"; };
		57716142287DB69D00238EB9 /* Glaceon.json */ = {isa = PBXFileReference; lastKnownFileType = text.json; path = Glaceon.json; sourceTree = "<group>"; };
		57716145287DB71D00238EB9 /* Pokemon.swift */ = {isa = PBXFileReference; lastKnownFileType = sourcecode.swift; path = Pokemon.swift; sourceTree = "<group>"; };
/* End PBXFileReference section */

/* Begin PBXFrameworksBuildPhase section */
		57716125287DB41900238EB9 /* Frameworks */ = {
			isa = PBXFrameworksBuildPhase;
			buildActionMask = 2147483647;
			files = (
			);
			runOnlyForDeploymentPostprocessing = 0;
		};
/* End PBXFrameworksBuildPhase section */

/* Begin PBXGroup section */
		5771611F287DB41900238EB9 = {
			isa = PBXGroup;
			children = (
				5771612A287DB41900238EB9 /* IntroToJsonSerialization6.28 */,
				57716129287DB41900238EB9 /* Products */,
			);
			sourceTree = "<group>";
		};
		57716129287DB41900238EB9 /* Products */ = {
			isa = PBXGroup;
			children = (
				57716128287DB41900238EB9 /* IntroToJsonSerialization6.28.app */,
			);
			name = Products;
			sourceTree = "<group>";
		};
		5771612A287DB41900238EB9 /* IntroToJsonSerialization6.28 */ = {
			isa = PBXGroup;
			children = (
				57716144287DB71400238EB9 /* Model */,
				5771613F287DB62100238EB9 /* Network */,
				5771612B287DB41900238EB9 /* AppDelegate.swift */,
				5771612D287DB41900238EB9 /* SceneDelegate.swift */,
				5771612F287DB41900238EB9 /* ViewController.swift */,
				57716131287DB41900238EB9 /* Main.storyboard */,
				57716134287DB41B00238EB9 /* Assets.xcassets */,
				57716136287DB41B00238EB9 /* LaunchScreen.storyboard */,
				57716139287DB41B00238EB9 /* Info.plist */,
			);
			path = IntroToJsonSerialization6.28;
			sourceTree = "<group>";
		};
		5771613F287DB62100238EB9 /* Network */ = {
			isa = PBXGroup;
			children = (
				57716140287DB63000238EB9 /* NetworkManager.swift */,
				57716142287DB69D00238EB9 /* Glaceon.json */,
			);
			path = Network;
			sourceTree = "<group>";
		};
		57716144287DB71400238EB9 /* Model */ = {
			isa = PBXGroup;
			children = (
				57716145287DB71D00238EB9 /* Pokemon.swift */,
			);
			path = Model;
			sourceTree = "<group>";
		};
/* End PBXGroup section */

/* Begin PBXNativeTarget section */
		57716127287DB41900238EB9 /* IntroToJsonSerialization6.28 */ = {
			isa = PBXNativeTarget;
			buildConfigurationList = 5771613C287DB41B00238EB9 /* Build configuration list for PBXNativeTarget "IntroToJsonSerialization6.28" */;
			buildPhases = (
				57716124287DB41900238EB9 /* Sources */,
				57716125287DB41900238EB9 /* Frameworks */,
				57716126287DB41900238EB9 /* Resources */,
			);
			buildRules = (
			);
			dependencies = (
			);
			name = IntroToJsonSerialization6.28;
			productName = IntroToJsonSerialization6.28;
			productReference = 57716128287DB41900238EB9 /* IntroToJsonSerialization6.28.app */;
			productType = "com.apple.product-type.application";
		};
/* End PBXNativeTarget section */

/* Begin PBXProject section */
		57716120287DB41900238EB9 /* Project object */ = {
			isa = PBXProject;
			attributes = {
				BuildIndependentTargetsInParallel = 1;
				LastSwiftUpdateCheck = 1320;
				LastUpgradeCheck = 1320;
				TargetAttributes = {
					57716127287DB41900238EB9 = {
						CreatedOnToolsVersion = 13.2.1;
					};
				};
			};
			buildConfigurationList = 57716123287DB41900238EB9 /* Build configuration list for PBXProject "IntroToJsonSerialization6.28" */;
			compatibilityVersion = "Xcode 13.0";
			developmentRegion = en;
			hasScannedForEncodings = 0;
			knownRegions = (
				en,
				Base,
			);
			mainGroup = 5771611F287DB41900238EB9;
			productRefGroup = 57716129287DB41900238EB9 /* Products */;
			projectDirPath = "";
			projectRoot = "";
			targets = (
				57716127287DB41900238EB9 /* IntroToJsonSerialization6.28 */,
			);
		};
/* End PBXProject section */

/* Begin PBXResourcesBuildPhase section */
		57716126287DB41900238EB9 /* Resources */ = {
			isa = PBXResourcesBuildPhase;
			buildActionMask = 2147483647;
			files = (
				57716138287DB41B00238EB9 /* LaunchScreen.storyboard in Resources */,
				57716143287DB69D00238EB9 /* Glaceon.json in Resources */,
				57716135287DB41B00238EB9 /* Assets.xcassets in Resources */,
				57716133287DB41900238EB9 /* Main.storyboard in Resources */,
			);
			runOnlyForDeploymentPostprocessing = 0;
		};
/* End PBXResourcesBuildPhase section */

/* Begin PBXSourcesBuildPhase section */
		57716124287DB41900238EB9 /* Sources */ = {
			isa = PBXSourcesBuildPhase;
			buildActionMask = 2147483647;
			files = (
				57716146287DB71D00238EB9 /* Pokemon.swift in Sources */,
				57716141287DB63000238EB9 /* NetworkManager.swift in Sources */,
				57716130287DB41900238EB9 /* ViewController.swift in Sources */,
				5771612C287DB41900238EB9 /* AppDelegate.swift in Sources */,
				5771612E287DB41900238EB9 /* SceneDelegate.swift in Sources */,
			);
			runOnlyForDeploymentPostprocessing = 0;
		};
/* End PBXSourcesBuildPhase section */

/* Begin PBXVariantGroup section */
		57716131287DB41900238EB9 /* Main.storyboard */ = {
			isa = PBXVariantGroup;
			children = (
				57716132287DB41900238EB9 /* Base */,
			);
			name = Main.storyboard;
			sourceTree = "<group>";
		};
		57716136287DB41B00238EB9 /* LaunchScreen.storyboard */ = {
			isa = PBXVariantGroup;
			children = (
				57716137287DB41B00238EB9 /* Base */,
			);
			name = LaunchScreen.storyboard;
			sourceTree = "<group>";
		};
/* End PBXVariantGroup section */

/* Begin XCBuildConfiguration section */
		5771613A287DB41B00238EB9 /* Debug */ = {
			isa = XCBuildConfiguration;
			buildSettings = {
				ALWAYS_SEARCH_USER_PATHS = NO;
				CLANG_ANALYZER_NONNULL = YES;
				CLANG_ANALYZER_NUMBER_OBJECT_CONVERSION = YES_AGGRESSIVE;
				CLANG_CXX_LANGUAGE_STANDARD = "gnu++17";
				CLANG_CXX_LIBRARY = "libc++";
				CLANG_ENABLE_MODULES = YES;
				CLANG_ENABLE_OBJC_ARC = YES;
				CLANG_ENABLE_OBJC_WEAK = YES;
				CLANG_WARN_BLOCK_CAPTURE_AUTORELEASING = YES;
				CLANG_WARN_BOOL_CONVERSION = YES;
				CLANG_WARN_COMMA = YES;
				CLANG_WARN_CONSTANT_CONVERSION = YES;
				CLANG_WARN_DEPRECATED_OBJC_IMPLEMENTATIONS = YES;
				CLANG_WARN_DIRECT_OBJC_ISA_USAGE = YES_ERROR;
				CLANG_WARN_DOCUMENTATION_COMMENTS = YES;
				CLANG_WARN_EMPTY_BODY = YES;
				CLANG_WARN_ENUM_CONVERSION = YES;
				CLANG_WARN_INFINITE_RECURSION = YES;
				CLANG_WARN_INT_CONVERSION = YES;
				CLANG_WARN_NON_LITERAL_NULL_CONVERSION = YES;
				CLANG_WARN_OBJC_IMPLICIT_RETAIN_SELF = YES;
				CLANG_WARN_OBJC_LITERAL_CONVERSION = YES;
				CLANG_WARN_OBJC_ROOT_CLASS = YES_ERROR;
				CLANG_WARN_QUOTED_INCLUDE_IN_FRAMEWORK_HEADER = YES;
				CLANG_WARN_RANGE_LOOP_ANALYSIS = YES;
				CLANG_WARN_STRICT_PROTOTYPES = YES;
				CLANG_WARN_SUSPICIOUS_MOVE = YES;
				CLANG_WARN_UNGUARDED_AVAILABILITY = YES_AGGRESSIVE;
				CLANG_WARN_UNREACHABLE_CODE = YES;
				CLANG_WARN__DUPLICATE_METHOD_MATCH = YES;
				COPY_PHASE_STRIP = NO;
				DEBUG_INFORMATION_FORMAT = dwarf;
				ENABLE_STRICT_OBJC_MSGSEND = YES;
				ENABLE_TESTABILITY = YES;
				GCC_C_LANGUAGE_STANDARD = gnu11;
				GCC_DYNAMIC_NO_PIC = NO;
				GCC_NO_COMMON_BLOCKS = YES;
				GCC_OPTIMIZATION_LEVEL = 0;
				GCC_PREPROCESSOR_DEFINITIONS = (
					"DEBUG=1",
					"$(inherited)",
				);
				GCC_WARN_64_TO_32_BIT_CONVERSION = YES;
				GCC_WARN_ABOUT_RETURN_TYPE = YES_ERROR;
				GCC_WARN_UNDECLARED_SELECTOR = YES;
				GCC_WARN_UNINITIALIZED_AUTOS = YES_AGGRESSIVE;
				GCC_WARN_UNUSED_FUNCTION = YES;
				GCC_WARN_UNUSED_VARIABLE = YES;
				IPHONEOS_DEPLOYMENT_TARGET = 15.2;
				MTL_ENABLE_DEBUG_INFO = INCLUDE_SOURCE;
				MTL_FAST_MATH = YES;
				ONLY_ACTIVE_ARCH = YES;
				SDKROOT = iphoneos;
				SWIFT_ACTIVE_COMPILATION_CONDITIONS = DEBUG;
				SWIFT_OPTIMIZATION_LEVEL = "-Onone";
			};
			name = Debug;
		};
		5771613B287DB41B00238EB9 /* Release */ = {
			isa = XCBuildConfiguration;
			buildSettings = {
				ALWAYS_SEARCH_USER_PATHS = NO;
				CLANG_ANALYZER_NONNULL = YES;
				CLANG_ANALYZER_NUMBER_OBJECT_CONVERSION = YES_AGGRESSIVE;
				CLANG_CXX_LANGUAGE_STANDARD = "gnu++17";
				CLANG_CXX_LIBRARY = "libc++";
				CLANG_ENABLE_MODULES = YES;
				CLANG_ENABLE_OBJC_ARC = YES;
				CLANG_ENABLE_OBJC_WEAK = YES;
				CLANG_WARN_BLOCK_CAPTURE_AUTORELEASING = YES;
				CLANG_WARN_BOOL_CONVERSION = YES;
				CLANG_WARN_COMMA = YES;
				CLANG_WARN_CONSTANT_CONVERSION = YES;
				CLANG_WARN_DEPRECATED_OBJC_IMPLEMENTATIONS = YES;
				CLANG_WARN_DIRECT_OBJC_ISA_USAGE = YES_ERROR;
				CLANG_WARN_DOCUMENTATION_COMMENTS = YES;
				CLANG_WARN_EMPTY_BODY = YES;
				CLANG_WARN_ENUM_CONVERSION = YES;
				CLANG_WARN_INFINITE_RECURSION = YES;
				CLANG_WARN_INT_CONVERSION = YES;
				CLANG_WARN_NON_LITERAL_NULL_CONVERSION = YES;
				CLANG_WARN_OBJC_IMPLICIT_RETAIN_SELF = YES;
				CLANG_WARN_OBJC_LITERAL_CONVERSION = YES;
				CLANG_WARN_OBJC_ROOT_CLASS = YES_ERROR;
				CLANG_WARN_QUOTED_INCLUDE_IN_FRAMEWORK_HEADER = YES;
				CLANG_WARN_RANGE_LOOP_ANALYSIS = YES;
				CLANG_WARN_STRICT_PROTOTYPES = YES;
				CLANG_WARN_SUSPICIOUS_MOVE = YES;
				CLANG_WARN_UNGUARDED_AVAILABILITY = YES_AGGRESSIVE;
				CLANG_WARN_UNREACHABLE_CODE = YES;
				CLANG_WARN__DUPLICATE_METHOD_MATCH = YES;
				COPY_PHASE_STRIP = NO;
				DEBUG_INFORMATION_FORMAT = "dwarf-with-dsym";
				ENABLE_NS_ASSERTIONS = NO;
				ENABLE_STRICT_OBJC_MSGSEND = YES;
				GCC_C_LANGUAGE_STANDARD = gnu11;
				GCC_NO_COMMON_BLOCKS = YES;
				GCC_WARN_64_TO_32_BIT_CONVERSION = YES;
				GCC_WARN_ABOUT_RETURN_TYPE = YES_ERROR;
				GCC_WARN_UNDECLARED_SELECTOR = YES;
				GCC_WARN_UNINITIALIZED_AUTOS = YES_AGGRESSIVE;
				GCC_WARN_UNUSED_FUNCTION = YES;
				GCC_WARN_UNUSED_VARIABLE = YES;
				IPHONEOS_DEPLOYMENT_TARGET = 15.2;
				MTL_ENABLE_DEBUG_INFO = NO;
				MTL_FAST_MATH = YES;
				SDKROOT = iphoneos;
				SWIFT_COMPILATION_MODE = wholemodule;
				SWIFT_OPTIMIZATION_LEVEL = "-O";
				VALIDATE_PRODUCT = YES;
			};
			name = Release;
		};
		5771613D287DB41B00238EB9 /* Debug */ = {
			isa = XCBuildConfiguration;
			buildSettings = {
				ASSETCATALOG_COMPILER_APPICON_NAME = AppIcon;
				ASSETCATALOG_COMPILER_GLOBAL_ACCENT_COLOR_NAME = AccentColor;
				CODE_SIGN_STYLE = Automatic;
				CURRENT_PROJECT_VERSION = 1;
				GENERATE_INFOPLIST_FILE = YES;
				INFOPLIST_FILE = IntroToJsonSerialization6.28/Info.plist;
				INFOPLIST_KEY_UIApplicationSupportsIndirectInputEvents = YES;
				INFOPLIST_KEY_UILaunchStoryboardName = LaunchScreen;
				INFOPLIST_KEY_UIMainStoryboardFile = Main;
				INFOPLIST_KEY_UISupportedInterfaceOrientations_iPad = "UIInterfaceOrientationPortrait UIInterfaceOrientationPortraitUpsideDown UIInterfaceOrientationLandscapeLeft UIInterfaceOrientationLandscapeRight";
				INFOPLIST_KEY_UISupportedInterfaceOrientations_iPhone = "UIInterfaceOrientationPortrait UIInterfaceOrientationLandscapeLeft UIInterfaceOrientationLandscapeRight";
				LD_RUNPATH_SEARCH_PATHS = (
					"$(inherited)",
					"@executable_path/Frameworks",
				);
				MARKETING_VERSION = 1.0;
				PRODUCT_BUNDLE_IDENTIFIER = "iAskedYouSecond.IntroToJsonSerialization6-28";
				PRODUCT_NAME = "$(TARGET_NAME)";
				SWIFT_EMIT_LOC_STRINGS = YES;
				SWIFT_VERSION = 5.0;
				TARGETED_DEVICE_FAMILY = "1,2";
			};
			name = Debug;
		};
		5771613E287DB41B00238EB9 /* Release */ = {
			isa = XCBuildConfiguration;
			buildSettings = {
				ASSETCATALOG_COMPILER_APPICON_NAME = AppIcon;
				ASSETCATALOG_COMPILER_GLOBAL_ACCENT_COLOR_NAME = AccentColor;
				CODE_SIGN_STYLE = Automatic;
				CURRENT_PROJECT_VERSION = 1;
				GENERATE_INFOPLIST_FILE = YES;
				INFOPLIST_FILE = IntroToJsonSerialization6.28/Info.plist;
				INFOPLIST_KEY_UIApplicationSupportsIndirectInputEvents = YES;
				INFOPLIST_KEY_UILaunchStoryboardName = LaunchScreen;
				INFOPLIST_KEY_UIMainStoryboardFile = Main;
				INFOPLIST_KEY_UISupportedInterfaceOrientations_iPad = "UIInterfaceOrientationPortrait UIInterfaceOrientationPortraitUpsideDown UIInterfaceOrientationLandscapeLeft UIInterfaceOrientationLandscapeRight";
				INFOPLIST_KEY_UISupportedInterfaceOrientations_iPhone = "UIInterfaceOrientationPortrait UIInterfaceOrientationLandscapeLeft UIInterfaceOrientationLandscapeRight";
				LD_RUNPATH_SEARCH_PATHS = (
					"$(inherited)",
					"@executable_path/Frameworks",
				);
				MARKETING_VERSION = 1.0;
				PRODUCT_BUNDLE_IDENTIFIER = "iAskedYouSecond.IntroToJsonSerialization6-28";
				PRODUCT_NAME = "$(TARGET_NAME)";
				SWIFT_EMIT_LOC_STRINGS = YES;
				SWIFT_VERSION = 5.0;
				TARGETED_DEVICE_FAMILY = "1,2";
			};
			name = Release;
		};
/* End XCBuildConfiguration section */

/* Begin XCConfigurationList section */
		57716123287DB41900238EB9 /* Build configuration list for PBXProject "IntroToJsonSerialization6.28" */ = {
			isa = XCConfigurationList;
			buildConfigurations = (
				5771613A287DB41B00238EB9 /* Debug */,
				5771613B287DB41B00238EB9 /* Release */,
			);
			defaultConfigurationIsVisible = 0;
			defaultConfigurationName = Release;
		};
		5771613C287DB41B00238EB9 /* Build configuration list for PBXNativeTarget "IntroToJsonSerialization6.28" */ = {
			isa = XCConfigurationList;
			buildConfigurations = (
				5771613D287DB41B00238EB9 /* Debug */,
				5771613E287DB41B00238EB9 /* Release */,
			);
			defaultConfigurationIsVisible = 0;
			defaultConfigurationName = Release;
		};
/* End XCConfigurationList section */
	};
	rootObject = 57716120287DB41900238EB9 /* Project object */;
}
